{
  "name": "is-not-letter",
  "version": "0.0.1",
  "lockfileVersion": 1,
  "requires": true,
  "dependencies": {
    "is-letter": {
      "version": "1.2.1",
      "resolved": "https://registry.npmjs.org/is-letter/-/is-letter-1.2.1.tgz",
      "integrity": "sha512-rD9bSHEzcoKen/u+X/3op+fsio5J3xrndD+s9SuhOyVKxy1U2dVnzhLcEUOna0D1EIvB1unLz0uCO0jZQuUGwQ=="
    }
  }
}
